{
  "nodes": {
    "crane": {
      "flake": false,
      "locked": {
        "lastModified": 1727316705,
        "narHash": "sha256-/mumx8AQ5xFuCJqxCIOFCHTVlxHkMT21idpbgbm/TIE=",
        "owner": "ipetkov",
        "repo": "crane",
        "rev": "5b03654ce046b5167e7b0bccbd8244cb56c16f0e",
        "type": "github"
      },
      "original": {
        "owner": "ipetkov",
        "ref": "v0.19.0",
        "repo": "crane",
        "type": "github"
      }
    },
    "dream2nix": {
      "inputs": {
        "nixpkgs": [
          "nixpkgs"
        ],
        "purescript-overlay": "purescript-overlay",
        "pyproject-nix": "pyproject-nix"
      },
      "locked": {
        "lastModified": 1753190818,
        "narHash": "sha256-6eeZqVuz65fngiY6+LNkFW6yKVlRUgFKSAafZlvoniE=",
        "owner": "nix-community",
        "repo": "dream2nix",
        "rev": "515485361829bef78e2b1bdf9009717e26321c16",
        "type": "github"
      },
      "original": {
        "owner": "nix-community",
        "repo": "dream2nix",
        "type": "github"
      }
    },
    "flake-compat": {
      "flake": false,
      "locked": {
        "lastModified": 1696426674,
        "narHash": "sha256-kvjfFW7WAETZlt09AgDn1MrtKzP7t90Vf7vypd3OL1U=",
        "owner": "edolstra",
        "repo": "flake-compat",
        "rev": "0f9255e01c2351cc7d116c072cb317785dd33b33",
        "type": "github"
      },
      "original": {
        "owner": "edolstra",
        "repo": "flake-compat",
        "type": "github"
      }
    },
    "mk-naked-shell": {
      "flake": false,
      "locked": {
        "lastModified": 1681286841,
        "narHash": "sha256-3XlJrwlR0nBiREnuogoa5i1b4+w/XPe0z8bbrJASw0g=",
        "owner": "yusdacra",
        "repo": "mk-naked-shell",
        "rev": "7612f828dd6f22b7fb332cc69440e839d7ffe6bd",
        "type": "github"
      },
      "original": {
        "owner": "yusdacra",
        "repo": "mk-naked-shell",
        "type": "github"
      }
    },
    "nixpkgs": {
      "locked": {
        "lastModified": 1753250450,
        "narHash": "sha256-i+CQV2rPmP8wHxj0aq4siYyohHwVlsh40kV89f3nw1s=",
        "owner": "NixOS",
        "repo": "nixpkgs",
        "rev": "fc02ee70efb805d3b2865908a13ddd4474557ecf",
        "type": "github"
      },
      "original": {
        "owner": "NixOS",
        "ref": "nixos-unstable",
        "repo": "nixpkgs",
        "type": "github"
      }
    },
    "parts": {
      "inputs": {
        "nixpkgs-lib": [
          "nixpkgs"
        ]
      },
      "locked": {
        "lastModified": 1753121425,
        "narHash": "sha256-TVcTNvOeWWk1DXljFxVRp+E0tzG1LhrVjOGGoMHuXio=",
        "owner": "hercules-ci",
        "repo": "flake-parts",
        "rev": "644e0fc48951a860279da645ba77fe4a6e814c5e",
        "type": "github"
      },
      "original": {
        "owner": "hercules-ci",
        "repo": "flake-parts",
        "type": "github"
      }
    },
    "purescript-overlay": {
      "inputs": {
        "flake-compat": "flake-compat",
        "nixpkgs": [
          "dream2nix",
          "nixpkgs"
        ],
        "slimlock": "slimlock"
      },
      "locked": {
        "lastModified": 1728546539,
        "narHash": "sha256-Sws7w0tlnjD+Bjck1nv29NjC5DbL6nH5auL9Ex9Iz2A=",
        "owner": "thomashoneyman",
        "repo": "purescript-overlay",
        "rev": "4ad4c15d07bd899d7346b331f377606631eb0ee4",
        "type": "github"
      },
      "original": {
        "owner": "thomashoneyman",
        "repo": "purescript-overlay",
        "type": "github"
      }
    },
    "pyproject-nix": {
      "inputs": {
        "nixpkgs": [
          "dream2nix",
          "nixpkgs"
        ]
      },
      "locked": {
        "lastModified": 1752481895,
        "narHash": "sha256-luVj97hIMpCbwhx3hWiRwjP2YvljWy8FM+4W9njDhLA=",
        "owner": "pyproject-nix",
        "repo": "pyproject.nix",
        "rev": "16ee295c25107a94e59a7fc7f2e5322851781162",
        "type": "github"
      },
      "original": {
        "owner": "pyproject-nix",
        "repo": "pyproject.nix",
        "type": "github"
      }
    },
    "root": {
      "inputs": {
        "crane": "crane",
        "dream2nix": "dream2nix",
        "mk-naked-shell": "mk-naked-shell",
        "nixpkgs": "nixpkgs",
        "parts": "parts",
        "rust-overlay": "rust-overlay",
        "treefmt": "treefmt"
      }
    },
    "rust-overlay": {
      "inputs": {
        "nixpkgs": [
          "nixpkgs"
        ]
      },
      "locked": {
        "lastModified": 1753325142,
        "narHash": "sha256-7A8epLZ/LW9tek4OJY4IHesH7BgfBKr3aEm9JjUwqQo=",
        "owner": "oxalica",
        "repo": "rust-overlay",
        "rev": "cf608fb54d8854f31d7f7c499e2d2c928af48036",
        "type": "github"
      },
      "original": {
        "owner": "oxalica",
        "repo": "rust-overlay",
        "type": "github"
      }
    },
    "slimlock": {
      "inputs": {
        "nixpkgs": [
          "dream2nix",
          "purescript-overlay",
          "nixpkgs"
        ]
      },
      "locked": {
        "lastModified": 1688756706,
        "narHash": "sha256-xzkkMv3neJJJ89zo3o2ojp7nFeaZc2G0fYwNXNJRFlo=",
        "owner": "thomashoneyman",
        "repo": "slimlock",
        "rev": "cf72723f59e2340d24881fd7bf61cb113b4c407c",
        "type": "github"
      },
      "original": {
        "owner": "thomashoneyman",
        "repo": "slimlock",
        "type": "github"
      }
    },
    "treefmt": {
      "inputs": {
        "nixpkgs": [
          "nixpkgs"
        ]
      },
      "locked": {
        "lastModified": 1753006367,
        "narHash": "sha256-tzbhc4XttkyEhswByk5R38l+ztN9UDbnj0cTcP6Hp9A=",
        "owner": "numtide",
        "repo": "treefmt-nix",
        "rev": "421b56313c65a0815a52b424777f55acf0b56ddf",
        "type": "github"
      },
      "original": {
        "owner": "numtide",
        "repo": "treefmt-nix",
        "type": "github"
      }
    }
  },
  "root": "root",
  "version": 7
}
